{
  "name": "geo-api",
  "version": "1.0.0",
  "lockfileVersion": 1,
  "requires": true,
  "dependencies": {
    "bluebird": {
      "version": "3.7.2",
      "resolved": "https://registry.npmjs.org/bluebird/-/bluebird-3.7.2.tgz",
      "integrity": "sha512-XpNj6GDQzdfW+r2Wnn7xiSAd7TM3jzkxGXBGTtWKuSXv1xUV+azxAm8jdWZN06QTQk+2N2XB9jRDkvbmQmcRtg=="
    },
    "fs-extra": {
      "version": "8.1.0",
      "resolved": "https://registry.npmjs.org/fs-extra/-/fs-extra-8.1.0.tgz",
      "integrity": "sha512-yhlQgA6mnOJUKOsRUFsgJdQCvkKhcz8tlZG5HBQfReYZy46OwLcY+Zia0mtdHsOo9y/hP+CxMN0TU9QxoOtG4g==",
      "dev": true,
      "requires": {
        "graceful-fs": "^4.2.0",
        "jsonfile": "^4.0.0",
        "universalify": "^0.1.0"
      }
    },
    "graceful-fs": {
      "version": "4.2.3",
      "resolved": "https://registry.npmjs.org/graceful-fs/-/graceful-fs-4.2.3.tgz",
      "integrity": "sha512-a30VEBm4PEdx1dRB7MFK7BejejvCvBronbLjht+sHuGYj8PHs7M/5Z+rt5lw551vZ7yfTCj4Vuyy3mSJytDWRQ==",
      "dev": true
    },
    "jsonfile": {
      "version": "4.0.0",
      "resolved": "https://registry.npmjs.org/jsonfile/-/jsonfile-4.0.0.tgz",
      "integrity": "sha1-h3Gq4HmbZAdrdmQPygWPnBDjPss=",
      "dev": true,
      "requires": {
        "graceful-fs": "^4.1.6"
      }
    },
    "maxmind": {
      "version": "4.1.0",
      "resolved": "https://registry.npmjs.org/maxmind/-/maxmind-4.1.0.tgz",
      "integrity": "sha512-rcJ9EDNDFttuD8zrJSrcBwladOfrGbm37kF8OpgUn7N2ZtgyBQzxtg81Chqkmq2pFyCClBhQ8Nv2zBvoeIuqiQ==",
      "requires": {
        "tiny-lru": "7.0.2"
      }
    },
    "serverless-plugin-warmup": {
      "version": "4.8.0",
      "resolved": "https://registry.npmjs.org/serverless-plugin-warmup/-/serverless-plugin-warmup-4.8.0.tgz",
      "integrity": "sha512-PJJPmqfu3Hg5DXNaWqEsH4Pu38ZrXBgd8tywqFREBR7Q62Vc9tKawgGMcPodlERcAycYjTIx5SIAoZniiC2tmA==",
      "dev": true,
      "requires": {
        "fs-extra": "^8.1.0"
      }
    },
    "tiny-lru": {
      "version": "7.0.2",
      "resolved": "https://registry.npmjs.org/tiny-lru/-/tiny-lru-7.0.2.tgz",
      "integrity": "sha512-cmc9OOwmnAJtyFBYaznKR3abypEhWecarFrvS5db6qwSgoaDUWV0JX+mdh6B9wN60Wux3+gE1vjzxkoqxFBjqw=="
    },
    "universalify": {
      "version": "0.1.2",
      "resolved": "https://registry.npmjs.org/universalify/-/universalify-0.1.2.tgz",
      "integrity": "sha512-rBJeI5CXAlmy1pV+617WB9J63U6XcazHHF2f2dbJix4XzpUF0RS3Zbj0FGIOCAva5P/d/GBOYaACQ1w+0azUkg==",
      "dev": true
    }
  }
}
